
Microsoft Visual Studio Solution File, Format Version 12.00
# Visual Studio Version 17
VisualStudioVersion = 17.6.33815.320
MinimumVisualStudioVersion = 10.0.40219.1
Project("{FAE04EC0-301F-11D3-BF4B-00C04F79EFBC}") = "Zianberdin41размер", "Zianberdin41размер.csproj", "{0283B9D2-FA43-4813-B04C-A041AF96A5C2}"
EndProject
Global
	GlobalSection(SolutionConfigurationPlatforms) = preSolution
		Debug|Any CPU = Debug|Any CPU
		Release|Any CPU = Release|Any CPU
	EndGlobalSection
	GlobalSection(ProjectConfigurationPlatforms) = postSolution
		{0283B9D2-FA43-4813-B04C-A041AF96A5C2}.Debug|Any CPU.ActiveCfg = Debug|Any CPU
		{0283B9D2-FA43-4813-B04C-A041AF96A5C2}.Debug|Any CPU.Build.0 = Debug|Any CPU
		{0283B9D2-FA43-4813-B04C-A041AF96A5C2}.Release|Any CPU.ActiveCfg = Release|Any CPU
		{0283B9D2-FA43-4813-B04C-A041AF96A5C2}.Release|Any CPU.Build.0 = Release|Any CPU
	EndGlobalSection
	GlobalSection(SolutionProperties) = preSolution
		HideSolutionNode = FALSE
	EndGlobalSection
	GlobalSection(ExtensibilityGlobals) = postSolution
		SolutionGuid = {52254095-B4E1-4557-B2B8-50411FE31942}
	EndGlobalSection
EndGlobal
